# This file is autogenerated, do not edit; changes may be undone by the next 'dep ensure'.


[[projects]]
  digest = "1:ecd9aa82687cf31d1585d4ac61d0ba180e42e8a6182b85bd785fcca8dfeefc1b"
  name = "github.com/joho/godotenv"
  packages = ["."]
  pruneopts = "UT"
  revision = "23d116af351c84513e1946b527c88823e476be13"
  version = "v1.3.0"

[[projects]]
  digest = "1:12cb143f2148bf54bcd9fe622abac17325e85eeb1d84b8ec6caf1c80232108fd"
  name = "github.com/lib/pq"
  packages = [
    ".",
    "oid",
    "scram",
  ]
  pruneopts = "UT"
  revision = "3427c32cb71afc948325f299f040e53c1dd78979"
  version = "v1.2.0"

[[projects]]
  branch = "master"
  digest = "1:cfb8e1ae2caa29205d531cc9ae6e4ef8551110ac21c26ae00ed1f4b67b551c10"
  name = "github.com/m3co/arca-jsonrpc"
  packages = ["."]
  pruneopts = "UT"
  revision = "2cf892ca9ae0e0d8ca7fcdca431dce15bc52ff79"

[solve-meta]
  analyzer-name = "dep"
  analyzer-version = 1
  input-imports = [
    "github.com/joho/godotenv",
    "github.com/lib/pq",
    "github.com/m3co/arca-jsonrpc",
  ]
  solver-name = "gps-cdcl"
  solver-version = 1
