# This file is autogenerated, do not edit; changes may be undone by the next 'dep ensure'.


[[projects]]
  digest = "1:0aeda02073125667ac6c9df50c7921cb22c08a4accdc54589c697a7e76be65c2"
  name = "github.com/google/go-cmp"
  packages = [
    "cmp",
    "cmp/internal/diff",
    "cmp/internal/flags",
    "cmp/internal/function",
    "cmp/internal/value",
  ]
  pruneopts = "UT"
  revision = "5a6f75716e1203a923a78c9efb94089d857df0f6"
  version = "v0.4.0"

[[projects]]
  digest = "1:7d849ea6c6dad987d8cecf2c39c12c33f5f962483e64e61871fe0adb033a3103"
  name = "github.com/lib/pq"
  packages = [
    ".",
    "oid",
    "scram",
  ]
  pruneopts = "UT"
  revision = "6a6cbca34361c2cefd2094251ea3fabc6a2359a7"
  version = "v1.5.0"

[[projects]]
  branch = "master"
  digest = "1:ae674ed2f4c34793b7441d35cdb7a60751c86ae0e408c148bf2184d4567c5991"
  name = "github.com/m3co/arca-jsonrpc"
  packages = ["."]
  pruneopts = "UT"
  revision = "70369b46cdc808708c0fc5be630d2ed399ff9411"

[solve-meta]
  analyzer-name = "dep"
  analyzer-version = 1
  input-imports = [
    "github.com/google/go-cmp/cmp",
    "github.com/lib/pq",
    "github.com/m3co/arca-jsonrpc",
  ]
  solver-name = "gps-cdcl"
  solver-version = 1
