# This file is autogenerated, do not edit; changes may be undone by the next 'dep ensure'.


[[projects]]
  digest = "1:05de5942f7d2b280d098f18b7ebc72fdf1587d01d13979ebb413acc833cf3245"
  name = "github.com/lib/pq"
  packages = [
    ".",
    "oid",
    "scram",
  ]
  pruneopts = "UT"
  revision = "11720195feb4140252d89ec87e6ec66810ca708b"
  version = "v1.4.0"

[[projects]]
  branch = "master"
  digest = "1:8b4ebfa8cf8885b7f91a3a50ff64589f9d24e3b423c7f64df8dd314d0da12baf"
  name = "github.com/m3co/arca-jsonrpc"
  packages = ["."]
  pruneopts = "UT"
  revision = "94cebb56b3eeafbc747903666ae5c33da21a571f"

[solve-meta]
  analyzer-name = "dep"
  analyzer-version = 1
  input-imports = [
    "github.com/lib/pq",
    "github.com/m3co/arca-jsonrpc",
  ]
  solver-name = "gps-cdcl"
  solver-version = 1
